
Microsoft Visual Studio Solution File, Format Version 12.00
# Visual Studio Version 16
VisualStudioVersion = 16.0.34031.81
MinimumVisualStudioVersion = 10.0.40219.1
Project("{9A19103F-16F7-4668-BE54-9A1E7A4F7556}") = "vehicle_system", "vehicle_system\vehicle_system.csproj", "{741336C7-6F23-432B-B442-B93046CA5E97}"
EndProject
Global
	GlobalSection(SolutionConfigurationPlatforms) = preSolution
		Debug|Any CPU = Debug|Any CPU
		Release|Any CPU = Release|Any CPU
	EndGlobalSection
	GlobalSection(ProjectConfigurationPlatforms) = postSolution
		{741336C7-6F23-432B-B442-B93046CA5E97}.Debug|Any CPU.ActiveCfg = Debug|Any CPU
		{741336C7-6F23-432B-B442-B93046CA5E97}.Debug|Any CPU.Build.0 = Debug|Any CPU
		{741336C7-6F23-432B-B442-B93046CA5E97}.Release|Any CPU.ActiveCfg = Release|Any CPU
		{741336C7-6F23-432B-B442-B93046CA5E97}.Release|Any CPU.Build.0 = Release|Any CPU
	EndGlobalSection
	GlobalSection(SolutionProperties) = preSolution
		HideSolutionNode = FALSE
	EndGlobalSection
	GlobalSection(ExtensibilityGlobals) = postSolution
		SolutionGuid = {F47D03CF-B590-40F4-B57A-84FF3068AFFE}
	EndGlobalSection
EndGlobal
